// !$*UTF8*$!
{
	archiveVersion = 1;
	classes = {
	};
	objectVersion = 46;
	objects = {

/* Begin PBXBuildFile section */
		C33E66181B7E2EA3005A8DE1 /* AppDelegate.swift in Sources */ = {isa = PBXBuildFile; fileRef = C33E66171B7E2EA3005A8DE1 /* AppDelegate.swift */; };
		C33E661B1B7E2EA3005A8DE1 /* github_demo.xcdatamodeld in Sources */ = {isa = PBXBuildFile; fileRef = C33E66191B7E2EA3005A8DE1 /* github_demo.xcdatamodeld */; };
		C33E661D1B7E2EA3005A8DE1 /* ViewController.swift in Sources */ = {isa = PBXBuildFile; fileRef = C33E661C1B7E2EA3005A8DE1 /* ViewController.swift */; };
		C33E66201B7E2EA4005A8DE1 /* Main.storyboard in Resources */ = {isa = PBXBuildFile; fileRef = C33E661E1B7E2EA4005A8DE1 /* Main.storyboard */; };
		C33E66221B7E2EA4005A8DE1 /* Images.xcassets in Resources */ = {isa = PBXBuildFile; fileRef = C33E66211B7E2EA4005A8DE1 /* Images.xcassets */; };
		C33E66251B7E2EA4005A8DE1 /* LaunchScreen.xib in Resources */ = {isa = PBXBuildFile; fileRef = C33E66231B7E2EA4005A8DE1 /* LaunchScreen.xib */; };
		C33E66311B7E2EA4005A8DE1 /* github_demoTests.swift in Sources */ = {isa = PBXBuildFile; fileRef = C33E66301B7E2EA4005A8DE1 /* github_demoTests.swift */; };
/* End PBXBuildFile section */

/* Begin PBXContainerItemProxy section */
		C33E662B1B7E2EA4005A8DE1 /* PBXContainerItemProxy */ = {
			isa = PBXContainerItemProxy;
			containerPortal = C33E660A1B7E2EA3005A8DE1 /* Project object */;
			proxyType = 1;
			remoteGlobalIDString = C33E66111B7E2EA3005A8DE1;
			remoteInfo = github_demo;
		};
/* End PBXContainerItemProxy section */

/* Begin PBXFileReference section */
		C33E66121B7E2EA3005A8DE1 /* github_demo.app */ = {isa = PBXFileReference; explicitFileType = wrapper.application; includeInIndex = 0; path = github_demo.app; sourceTree = BUILT_PRODUCTS_DIR; };
		C33E66161B7E2EA3005A8DE1 /* Info.plist */ = {isa = PBXFileReference; lastKnownFileType = text.plist.xml; path = Info.plist; sourceTree = "<group>"; };
		C33E66171B7E2EA3005A8DE1 /* AppDelegate.swift */ = {isa = PBXFileReference; lastKnownFileType = sourcecode.swift; path = AppDelegate.swift; sourceTree = "<group>"; };
		C33E661A1B7E2EA3005A8DE1 /* github_demo.xcdatamodel */ = {isa = PBXFileReference; lastKnownFileType = wrapper.xcdatamodel; path = github_demo.xcdatamodel; sourceTree = "<group>"; };
		C33E661C1B7E2EA3005A8DE1 /* ViewController.swift */ = {isa = PBXFileReference; lastKnownFileType = sourcecode.swift; path = ViewController.swift; sourceTree = "<group>"; };
		C33E661F1B7E2EA4005A8DE1 /* Base */ = {isa = PBXFileReference; lastKnownFileType = file.storyboard; name = Base; path = Base.lproj/Main.storyboard; sourceTree = "<group>"; };
		C33E66211B7E2EA4005A8DE1 /* Images.xcassets */ = {isa = PBXFileReference; lastKnownFileType = folder.assetcatalog; path = Images.xcassets; sourceTree = "<group>"; };
		C33E66241B7E2EA4005A8DE1 /* Base */ = {isa = PBXFileReference; lastKnownFileType = file.xib; name = Base; path = Base.lproj/LaunchScreen.xib; sourceTree = "<group>"; };
		C33E662A1B7E2EA4005A8DE1 /* github_demoTests.xctest */ = {isa = PBXFileReference; explicitFileType = wrapper.cfbundle; includeInIndex = 0; path = github_demoTests.xctest; sourceTree = BUILT_PRODUCTS_DIR; };
		C33E662F1B7E2EA4005A8DE1 /* Info.plist */ = {isa = PBXFileReference; lastKnownFileType = text.plist.xml; path = Info.plist; sourceTree = "<group>"; };
		C33E66301B7E2EA4005A8DE1 /* github_demoTests.swift */ = {isa = PBXFileReference; lastKnownFileType = sourcecode.swift; path = github_demoTests.swift; sourceTree = "<group>"; };
/* End PBXFileReference section */

/* Begin PBXFrameworksBuildPhase section */
		C33E660F1B7E2EA3005A8DE1 /* Frameworks */ = {
			isa = PBXFrameworksBuildPhase;
			buildActionMask = 2147483647;
			files = (
			);
			runOnlyForDeploymentPostprocessing = 0;
		};
		C33E66271B7E2EA4005A8DE1 /* Frameworks */ = {
			isa = PBXFrameworksBuildPhase;
			buildActionMask = 2147483647;
			files = (
			);
			runOnlyForDeploymentPostprocessing = 0;
		};
/* End PBXFrameworksBuildPhase section */

/* Begin PBXGroup section */
		C33E66091B7E2EA3005A8DE1 = {
			isa = PBXGroup;
			children = (
				C33E66141B7E2EA3005A8DE1 /* github_demo */,
				C33E662D1B7E2EA4005A8DE1 /* github_demoTests */,
				C33E66131B7E2EA3005A8DE1 /* Products */,
			);
			sourceTree = "<group>";
		};
		C33E66131B7E2EA3005A8DE1 /* Products */ = {
			isa = PBXGroup;
			children = (
				C33E66121B7E2EA3005A8DE1 /* github_demo.app */,
				C33E662A1B7E2EA4005A8DE1 /* github_demoTests.xctest */,
			);
			name = Products;
			sourceTree = "<group>";
		};
		C33E66141B7E2EA3005A8DE1 /* github_demo */ = {
			isa = PBXGroup;
			children = (
				C33E66171B7E2EA3005A8DE1 /* AppDelegate.swift */,
				C33E661C1B7E2EA3005A8DE1 /* ViewController.swift */,
				C33E661E1B7E2EA4005A8DE1 /* Main.storyboard */,
				C33E66211B7E2EA4005A8DE1 /* Images.xcassets */,
				C33E66231B7E2EA4005A8DE1 /* LaunchScreen.xib */,
				C33E66191B7E2EA3005A8DE1 /* github_demo.xcdatamodeld */,
				C33E66151B7E2EA3005A8DE1 /* Supporting Files */,
			);
			path = github_demo;
			sourceTree = "<group>";
		};
		C33E66151B7E2EA3005A8DE1 /* Supporting Files */ = {
			isa = PBXGroup;
			children = (
				C33E66161B7E2EA3005A8DE1 /* Info.plist */,
			);
			name = "Supporting Files";
			sourceTree = "<group>";
		};
		C33E662D1B7E2EA4005A8DE1 /* github_demoTests */ = {
			isa = PBXGroup;
			children = (
				C33E66301B7E2EA4005A8DE1 /* github_demoTests.swift */,
				C33E662E1B7E2EA4005A8DE1 /* Supporting Files */,
			);
			path = github_demoTests;
			sourceTree = "<group>";
		};
		C33E662E1B7E2EA4005A8DE1 /* Supporting Files */ = {
			isa = PBXGroup;
			children = (
				C33E662F1B7E2EA4005A8DE1 /* Info.plist */,
			);
			name = "Supporting Files";
			sourceTree = "<group>";
		};
/* End PBXGroup section */

/* Begin PBXNativeTarget section */
		C33E66111B7E2EA3005A8DE1 /* github_demo */ = {
			isa = PBXNativeTarget;
			buildConfigurationList = C33E66341B7E2EA4005A8DE1 /* Build configuration list for PBXNativeTarget "github_demo" */;
			buildPhases = (
				C33E660E1B7E2EA3005A8DE1 /* Sources */,
				C33E660F1B7E2EA3005A8DE1 /* Frameworks */,
				C33E66101B7E2EA3005A8DE1 /* Resources */,
			);
			buildRules = (
			);
			dependencies = (
			);
			name = github_demo;
			productName = github_demo;
			productReference = C33E66121B7E2EA3005A8DE1 /* github_demo.app */;
			productType = "com.apple.product-type.application";
		};
		C33E66291B7E2EA4005A8DE1 /* github_demoTests */ = {
			isa = PBXNativeTarget;
			buildConfigurationList = C33E66371B7E2EA4005A8DE1 /* Build configuration list for PBXNativeTarget "github_demoTests" */;
			buildPhases = (
				C33E66261B7E2EA4005A8DE1 /* Sources */,
				C33E66271B7E2EA4005A8DE1 /* Frameworks */,
				C33E66281B7E2EA4005A8DE1 /* Resources */,
			);
			buildRules = (
			);
			dependencies = (
				C33E662C1B7E2EA4005A8DE1 /* PBXTargetDependency */,
			);
			name = github_demoTests;
			productName = github_demoTests;
			productReference = C33E662A1B7E2EA4005A8DE1 /* github_demoTests.xctest */;
			productType = "com.apple.product-type.bundle.unit-test";
		};
/* End PBXNativeTarget section */

/* Begin PBXProject section */
		C33E660A1B7E2EA3005A8DE1 /* Project object */ = {
			isa = PBXProject;
			attributes = {
				LastUpgradeCheck = 0620;
				ORGANIZATIONNAME = simao;
				TargetAttributes = {
					C33E66111B7E2EA3005A8DE1 = {
						CreatedOnToolsVersion = 6.2;
					};
					C33E66291B7E2EA4005A8DE1 = {
						CreatedOnToolsVersion = 6.2;
						TestTargetID = C33E66111B7E2EA3005A8DE1;
					};
				};
			};
			buildConfigurationList = C33E660D1B7E2EA3005A8DE1 /* Build configuration list for PBXProject "github_demo" */;
			compatibilityVersion = "Xcode 3.2";
			developmentRegion = English;
			hasScannedForEncodings = 0;
			knownRegions = (
				en,
				Base,
			);
			mainGroup = C33E66091B7E2EA3005A8DE1;
			productRefGroup = C33E66131B7E2EA3005A8DE1 /* Products */;
			projectDirPath = "";
			projectRoot = "";
			targets = (
				C33E66111B7E2EA3005A8DE1 /* github_demo */,
				C33E66291B7E2EA4005A8DE1 /* github_demoTests */,
			);
		};
/* End PBXProject section */

/* Begin PBXResourcesBuildPhase section */
		C33E66101B7E2EA3005A8DE1 /* Resources */ = {
			isa = PBXResourcesBuildPhase;
			buildActionMask = 2147483647;
			files = (
				C33E66201B7E2EA4005A8DE1 /* Main.storyboard in Resources */,
				C33E66251B7E2EA4005A8DE1 /* LaunchScreen.xib in Resources */,
				C33E66221B7E2EA4005A8DE1 /* Images.xcassets in Resources */,
			);
			runOnlyForDeploymentPostprocessing = 0;
		};
		C33E66281B7E2EA4005A8DE1 /* Resources */ = {
			isa = PBXResourcesBuildPhase;
			buildActionMask = 2147483647;
			files = (
			);
			runOnlyForDeploymentPostprocessing = 0;
		};
/* End PBXResourcesBuildPhase section */

/* Begin PBXSourcesBuildPhase section */
		C33E660E1B7E2EA3005A8DE1 /* Sources */ = {
			isa = PBXSourcesBuildPhase;
			buildActionMask = 2147483647;
			files = (
				C33E661D1B7E2EA3005A8DE1 /* ViewController.swift in Sources */,
				C33E66181B7E2EA3005A8DE1 /* AppDelegate.swift in Sources */,
				C33E661B1B7E2EA3005A8DE1 /* github_demo.xcdatamodeld in Sources */,
			);
			runOnlyForDeploymentPostprocessing = 0;
		};
		C33E66261B7E2EA4005A8DE1 /* Sources */ = {
			isa = PBXSourcesBuildPhase;
			buildActionMask = 2147483647;
			files = (
				C33E66311B7E2EA4005A8DE1 /* github_demoTests.swift in Sources */,
			);
			runOnlyForDeploymentPostprocessing = 0;
		};
/* End PBXSourcesBuildPhase section */

/* Begin PBXTargetDependency section */
		C33E662C1B7E2EA4005A8DE1 /* PBXTargetDependency */ = {
			isa = PBXTargetDependency;
			target = C33E66111B7E2EA3005A8DE1 /* github_demo */;
			targetProxy = C33E662B1B7E2EA4005A8DE1 /* PBXContainerItemProxy */;
		};
/* End PBXTargetDependency section */

/* Begin PBXVariantGroup section */
		C33E661E1B7E2EA4005A8DE1 /* Main.storyboard */ = {
			isa = PBXVariantGroup;
			children = (
				C33E661F1B7E2EA4005A8DE1 /* Base */,
			);
			name = Main.storyboard;
			sourceTree = "<group>";
		};
		C33E66231B7E2EA4005A8DE1 /* LaunchScreen.xib */ = {
			isa = PBXVariantGroup;
			children = (
				C33E66241B7E2EA4005A8DE1 /* Base */,
			);
			name = LaunchScreen.xib;
			sourceTree = "<group>";
		};
/* End PBXVariantGroup section */

/* Begin XCBuildConfiguration section */
		C33E66321B7E2EA4005A8DE1 /* Debug */ = {
			isa = XCBuildConfiguration;
			buildSettings = {
				ALWAYS_SEARCH_USER_PATHS = NO;
				CLANG_CXX_LANGUAGE_STANDARD = "gnu++0x";
				CLANG_CXX_LIBRARY = "libc++";
				CLANG_ENABLE_MODULES = YES;
				CLANG_ENABLE_OBJC_ARC = YES;
				CLANG_WARN_BOOL_CONVERSION = YES;
				CLANG_WARN_CONSTANT_CONVERSION = YES;
				CLANG_WARN_DIRECT_OBJC_ISA_USAGE = YES_ERROR;
				CLANG_WARN_EMPTY_BODY = YES;
				CLANG_WARN_ENUM_CONVERSION = YES;
				CLANG_WARN_INT_CONVERSION = YES;
				CLANG_WARN_OBJC_ROOT_CLASS = YES_ERROR;
				CLANG_WARN_UNREACHABLE_CODE = YES;
				CLANG_WARN__DUPLICATE_METHOD_MATCH = YES;
				"CODE_SIGN_IDENTITY[sdk=iphoneos*]" = "iPhone Developer";
				COPY_PHASE_STRIP = NO;
				ENABLE_STRICT_OBJC_MSGSEND = YES;
				GCC_C_LANGUAGE_STANDARD = gnu99;
				GCC_DYNAMIC_NO_PIC = NO;
				GCC_OPTIMIZATION_LEVEL = 0;
				GCC_PREPROCESSOR_DEFINITIONS = (
					"DEBUG=1",
					"$(inherited)",
				);
				GCC_SYMBOLS_PRIVATE_EXTERN = NO;
				GCC_WARN_64_TO_32_BIT_CONVERSION = YES;
				GCC_WARN_ABOUT_RETURN_TYPE = YES_ERROR;
				GCC_WARN_UNDECLARED_SELECTOR = YES;
				GCC_WARN_UNINITIALIZED_AUTOS = YES_AGGRESSIVE;
				GCC_WARN_UNUSED_FUNCTION = YES;
				GCC_WARN_UNUSED_VARIABLE = YES;
				IPHONEOS_DEPLOYMENT_TARGET = 8.2;
				MTL_ENABLE_DEBUG_INFO = YES;
				ONLY_ACTIVE_ARCH = YES;
				SDKROOT = iphoneos;
				SWIFT_OPTIMIZATION_LEVEL = "-Onone";
			};
			name = Debug;
		};
		C33E66331B7E2EA4005A8DE1 /* Release */ = {
			isa = XCBuildConfiguration;
			buildSettings = {
				ALWAYS_SEARCH_USER_PATHS = NO;
				CLANG_CXX_LANGUAGE_STANDARD = "gnu++0x";
				CLANG_CXX_LIBRARY = "libc++";
				CLANG_ENABLE_MODULES = YES;
				CLANG_ENABLE_OBJC_ARC = YES;
				CLANG_WARN_BOOL_CONVERSION = YES;
				CLANG_WARN_CONSTANT_CONVERSION = YES;
				CLANG_WARN_DIRECT_OBJC_ISA_USAGE = YES_ERROR;
				CLANG_WARN_EMPTY_BODY = YES;
				CLANG_WARN_ENUM_CONVERSION = YES;
				CLANG_WARN_INT_CONVERSION = YES;
				CLANG_WARN_OBJC_ROOT_CLASS = YES_ERROR;
				CLANG_WARN_UNREACHABLE_CODE = YES;
				CLANG_WARN__DUPLICATE_METHOD_MATCH = YES;
				"CODE_SIGN_IDENTITY[sdk=iphoneos*]" = "iPhone Developer";
				COPY_PHASE_STRIP = NO;
				ENABLE_NS_ASSERTIONS = NO;
				ENABLE_STRICT_OBJC_MSGSEND = YES;
				GCC_C_LANGUAGE_STANDARD = gnu99;
				GCC_WARN_64_TO_32_BIT_CONVERSION = YES;
				GCC_WARN_ABOUT_RETURN_TYPE = YES_ERROR;
				GCC_WARN_UNDECLARED_SELECTOR = YES;
				GCC_WARN_UNINITIALIZED_AUTOS = YES_AGGRESSIVE;
				GCC_WARN_UNUSED_FUNCTION = YES;
				GCC_WARN_UNUSED_VARIABLE = YES;
				IPHONEOS_DEPLOYMENT_TARGET = 8.2;
				MTL_ENABLE_DEBUG_INFO = NO;
				SDKROOT = iphoneos;
				VALIDATE_PRODUCT = YES;
			};
			name = Release;
		};
		C33E66351B7E2EA4005A8DE1 /* Debug */ = {
			isa = XCBuildConfiguration;
			buildSettings = {
				ASSETCATALOG_COMPILER_APPICON_NAME = AppIcon;
				INFOPLIST_FILE = github_demo/Info.plist;
				LD_RUNPATH_SEARCH_PATHS = "$(inherited) @executable_path/Frameworks";
				PRODUCT_NAME = "$(TARGET_NAME)";
			};
			name = Debug;
		};
		C33E66361B7E2EA4005A8DE1 /* Release */ = {
			isa = XCBuildConfiguration;
			buildSettings = {
				ASSETCATALOG_COMPILER_APPICON_NAME = AppIcon;
				INFOPLIST_FILE = github_demo/Info.plist;
				LD_RUNPATH_SEARCH_PATHS = "$(inherited) @executable_path/Frameworks";
				PRODUCT_NAME = "$(TARGET_NAME)";
			};
			name = Release;
		};
		C33E66381B7E2EA4005A8DE1 /* Debug */ = {
			isa = XCBuildConfiguration;
			buildSettings = {
				BUNDLE_LOADER = "$(TEST_HOST)";
				FRAMEWORK_SEARCH_PATHS = (
					"$(SDKROOT)/Developer/Library/Frameworks",
					"$(inherited)",
				);
				GCC_PREPROCESSOR_DEFINITIONS = (
					"DEBUG=1",
					"$(inherited)",
				);
				INFOPLIST_FILE = github_demoTests/Info.plist;
				LD_RUNPATH_SEARCH_PATHS = "$(inherited) @executable_path/Frameworks @loader_path/Frameworks";
				PRODUCT_NAME = "$(TARGET_NAME)";
				TEST_HOST = "$(BUILT_PRODUCTS_DIR)/github_demo.app/github_demo";
			};
			name = Debug;
		};
		C33E66391B7E2EA4005A8DE1 /* Release */ = {
			isa = XCBuildConfiguration;
			buildSettings = {
				BUNDLE_LOADER = "$(TEST_HOST)";
				FRAMEWORK_SEARCH_PATHS = (
					"$(SDKROOT)/Developer/Library/Frameworks",
					"$(inherited)",
				);
				INFOPLIST_FILE = github_demoTests/Info.plist;
				LD_RUNPATH_SEARCH_PATHS = "$(inherited) @executable_path/Frameworks @loader_path/Frameworks";
				PRODUCT_NAME = "$(TARGET_NAME)";
				TEST_HOST = "$(BUILT_PRODUCTS_DIR)/github_demo.app/github_demo";
			};
			name = Release;
		};
/* End XCBuildConfiguration section */

/* Begin XCConfigurationList section */
		C33E660D1B7E2EA3005A8DE1 /* Build configuration list for PBXProject "github_demo" */ = {
			isa = XCConfigurationList;
			buildConfigurations = (
				C33E66321B7E2EA4005A8DE1 /* Debug */,
				C33E66331B7E2EA4005A8DE1 /* Release */,
			);
			defaultConfigurationIsVisible = 0;
			defaultConfigurationName = Release;
		};
		C33E66341B7E2EA4005A8DE1 /* Build configuration list for PBXNativeTarget "github_demo" */ = {
			isa = XCConfigurationList;
			buildConfigurations = (
				C33E66351B7E2EA4005A8DE1 /* Debug */,
				C33E66361B7E2EA4005A8DE1 /* Release */,
			);
			defaultConfigurationIsVisible = 0;
		};
		C33E66371B7E2EA4005A8DE1 /* Build configuration list for PBXNativeTarget "github_demoTests" */ = {
			isa = XCConfigurationList;
			buildConfigurations = (
				C33E66381B7E2EA4005A8DE1 /* Debug */,
				C33E66391B7E2EA4005A8DE1 /* Release */,
			);
			defaultConfigurationIsVisible = 0;
		};
/* End XCConfigurationList section */

/* Begin XCVersionGroup section */
		C33E66191B7E2EA3005A8DE1 /* github_demo.xcdatamodeld */ = {
			isa = XCVersionGroup;
			children = (
				C33E661A1B7E2EA3005A8DE1 /* github_demo.xcdatamodel */,
			);
			currentVersion = C33E661A1B7E2EA3005A8DE1 /* github_demo.xcdatamodel */;
			path = github_demo.xcdatamodeld;
			sourceTree = "<group>";
			versionGroupType = wrapper.xcdatamodel;
		};
/* End XCVersionGroup section */
	};
	rootObject = C33E660A1B7E2EA3005A8DE1 /* Project object */;
}
